
Microsoft Visual Studio Solution File, Format Version 12.00
# Visual Studio Version 17
VisualStudioVersion = 17.7.34031.279
MinimumVisualStudioVersion = 10.0.40219.1
Project("{FAE04EC0-301F-11D3-BF4B-00C04F79EFBC}") = "AdminSide", "AdminSide\AdminSide.csproj", "{E9567D3E-4DCC-4A0F-9616-7E7C4D2B4C25}"
EndProject
Global
	GlobalSection(SolutionConfigurationPlatforms) = preSolution
		Debug|Any CPU = Debug|Any CPU
		Release|Any CPU = Release|Any CPU
	EndGlobalSection
	GlobalSection(ProjectConfigurationPlatforms) = postSolution
		{E9567D3E-4DCC-4A0F-9616-7E7C4D2B4C25}.Debug|Any CPU.ActiveCfg = Debug|Any CPU
		{E9567D3E-4DCC-4A0F-9616-7E7C4D2B4C25}.Debug|Any CPU.Build.0 = Debug|Any CPU
		{E9567D3E-4DCC-4A0F-9616-7E7C4D2B4C25}.Release|Any CPU.ActiveCfg = Release|Any CPU
		{E9567D3E-4DCC-4A0F-9616-7E7C4D2B4C25}.Release|Any CPU.Build.0 = Release|Any CPU
	EndGlobalSection
	GlobalSection(SolutionProperties) = preSolution
		HideSolutionNode = FALSE
	EndGlobalSection
	GlobalSection(ExtensibilityGlobals) = postSolution
		SolutionGuid = {1401312A-B636-4AD1-902E-91680AC4FFF7}
	EndGlobalSection
EndGlobal
