
Microsoft Visual Studio Solution File, Format Version 12.00
# Visual Studio Version 17
VisualStudioVersion = 17.7.34031.279
MinimumVisualStudioVersion = 10.0.40219.1
Project("{FAE04EC0-301F-11D3-BF4B-00C04F79EFBC}") = "retrying", "retrying\retrying.csproj", "{3A0E6E4F-E13A-496E-9D9B-3B34ABA2A1FA}"
EndProject
Global
	GlobalSection(SolutionConfigurationPlatforms) = preSolution
		Debug|Any CPU = Debug|Any CPU
		Release|Any CPU = Release|Any CPU
	EndGlobalSection
	GlobalSection(ProjectConfigurationPlatforms) = postSolution
		{3A0E6E4F-E13A-496E-9D9B-3B34ABA2A1FA}.Debug|Any CPU.ActiveCfg = Debug|Any CPU
		{3A0E6E4F-E13A-496E-9D9B-3B34ABA2A1FA}.Debug|Any CPU.Build.0 = Debug|Any CPU
		{3A0E6E4F-E13A-496E-9D9B-3B34ABA2A1FA}.Release|Any CPU.ActiveCfg = Release|Any CPU
		{3A0E6E4F-E13A-496E-9D9B-3B34ABA2A1FA}.Release|Any CPU.Build.0 = Release|Any CPU
	EndGlobalSection
	GlobalSection(SolutionProperties) = preSolution
		HideSolutionNode = FALSE
	EndGlobalSection
	GlobalSection(ExtensibilityGlobals) = postSolution
		SolutionGuid = {1F004E36-2AD9-48AE-A9DB-A79192E219ED}
	EndGlobalSection
EndGlobal
